
Microsoft Visual Studio Solution File, Format Version 12.00
# Visual Studio Version 16
VisualStudioVersion = 25.0.1705.2
MinimumVisualStudioVersion = 10.0.40219.1
Project("{FAE04EC0-301F-11D3-BF4B-00C04F79EFBC}") = "Mission14API", "Mission14API.csproj", "{CFC5767E-707F-4B30-8A43-C1FB69BEA541}"
EndProject
Global
	GlobalSection(SolutionConfigurationPlatforms) = preSolution
		Debug|Any CPU = Debug|Any CPU
		Release|Any CPU = Release|Any CPU
	EndGlobalSection
	GlobalSection(ProjectConfigurationPlatforms) = postSolution
		{CFC5767E-707F-4B30-8A43-C1FB69BEA541}.Debug|Any CPU.ActiveCfg = Debug|Any CPU
		{CFC5767E-707F-4B30-8A43-C1FB69BEA541}.Debug|Any CPU.Build.0 = Debug|Any CPU
		{CFC5767E-707F-4B30-8A43-C1FB69BEA541}.Release|Any CPU.ActiveCfg = Release|Any CPU
		{CFC5767E-707F-4B30-8A43-C1FB69BEA541}.Release|Any CPU.Build.0 = Release|Any CPU
	EndGlobalSection
	GlobalSection(SolutionProperties) = preSolution
		HideSolutionNode = FALSE
	EndGlobalSection
	GlobalSection(ExtensibilityGlobals) = postSolution
		SolutionGuid = {F1BBBC42-D24F-4B7E-BA27-73114ACC9D16}
	EndGlobalSection
EndGlobal
